// !$*UTF8*$!
{
	archiveVersion = 1;
	classes = {
	};
	objectVersion = 46;
	objects = {

/* Begin PBXBuildFile section */
		B22F19261A9693D60078FCD5 /* MenuViewController.m in Sources */ = {isa = PBXBuildFile; fileRef = B22F19251A9693D60078FCD5 /* MenuViewController.m */; };
		B22F19291A96A9E00078FCD5 /* SocialItemCell.m in Sources */ = {isa = PBXBuildFile; fileRef = B22F19281A96A9E00078FCD5 /* SocialItemCell.m */; };
		B22F192D1A96ADED0078FCD5 /* Zooming-Icons.xcassets in Resources */ = {isa = PBXBuildFile; fileRef = B22F192B1A96ADED0078FCD5 /* Zooming-Icons.xcassets */; };
		B22F19301A96C60B0078FCD5 /* SocialItem.m in Sources */ = {isa = PBXBuildFile; fileRef = B22F192F1A96C60B0078FCD5 /* SocialItem.m */; };
		B22F19341A970EAB0078FCD5 /* DetailViewController.m in Sources */ = {isa = PBXBuildFile; fileRef = B22F19331A970EAB0078FCD5 /* DetailViewController.m */; };
		B22F19371A971D9A0078FCD5 /* ZoomingIconTransition.m in Sources */ = {isa = PBXBuildFile; fileRef = B22F19361A971D9A0078FCD5 /* ZoomingIconTransition.m */; };
		B2C5102A1A96909D00239B14 /* main.m in Sources */ = {isa = PBXBuildFile; fileRef = B2C510291A96909D00239B14 /* main.m */; };
		B2C5102D1A96909D00239B14 /* AppDelegate.m in Sources */ = {isa = PBXBuildFile; fileRef = B2C5102C1A96909D00239B14 /* AppDelegate.m */; };
		B2C510331A96909D00239B14 /* Main.storyboard in Resources */ = {isa = PBXBuildFile; fileRef = B2C510311A96909D00239B14 /* Main.storyboard */; };
		B2C510351A96909D00239B14 /* Images.xcassets in Resources */ = {isa = PBXBuildFile; fileRef = B2C510341A96909D00239B14 /* Images.xcassets */; };
		B2C510381A96909D00239B14 /* LaunchScreen.xib in Resources */ = {isa = PBXBuildFile; fileRef = B2C510361A96909D00239B14 /* LaunchScreen.xib */; };
		B2C510441A96909D00239B14 /* ZoomingIconsTests.m in Sources */ = {isa = PBXBuildFile; fileRef = B2C510431A96909D00239B14 /* ZoomingIconsTests.m */; };
/* End PBXBuildFile section */

/* Begin PBXContainerItemProxy section */
		B2C5103E1A96909D00239B14 /* PBXContainerItemProxy */ = {
			isa = PBXContainerItemProxy;
			containerPortal = B2C5101C1A96909D00239B14 /* Project object */;
			proxyType = 1;
			remoteGlobalIDString = B2C510231A96909D00239B14;
			remoteInfo = ZoomingIcons;
		};
/* End PBXContainerItemProxy section */

/* Begin PBXFileReference section */
		B22F19241A9693D60078FCD5 /* MenuViewController.h */ = {isa = PBXFileReference; fileEncoding = 4; lastKnownFileType = sourcecode.c.h; path = MenuViewController.h; sourceTree = "<group>"; };
		B22F19251A9693D60078FCD5 /* MenuViewController.m */ = {isa = PBXFileReference; fileEncoding = 4; lastKnownFileType = sourcecode.c.objc; path = MenuViewController.m; sourceTree = "<group>"; };
		B22F19271A96A9E00078FCD5 /* SocialItemCell.h */ = {isa = PBXFileReference; fileEncoding = 4; lastKnownFileType = sourcecode.c.h; path = SocialItemCell.h; sourceTree = "<group>"; };
		B22F19281A96A9E00078FCD5 /* SocialItemCell.m */ = {isa = PBXFileReference; fileEncoding = 4; lastKnownFileType = sourcecode.c.objc; path = SocialItemCell.m; sourceTree = "<group>"; };
		B22F192B1A96ADED0078FCD5 /* Zooming-Icons.xcassets */ = {isa = PBXFileReference; lastKnownFileType = folder.assetcatalog; path = "Zooming-Icons.xcassets"; sourceTree = "<group>"; };
		B22F192E1A96C60B0078FCD5 /* SocialItem.h */ = {isa = PBXFileReference; fileEncoding = 4; lastKnownFileType = sourcecode.c.h; path = SocialItem.h; sourceTree = "<group>"; };
		B22F192F1A96C60B0078FCD5 /* SocialItem.m */ = {isa = PBXFileReference; fileEncoding = 4; lastKnownFileType = sourcecode.c.objc; path = SocialItem.m; sourceTree = "<group>"; };
		B22F19321A970EAB0078FCD5 /* DetailViewController.h */ = {isa = PBXFileReference; fileEncoding = 4; lastKnownFileType = sourcecode.c.h; path = DetailViewController.h; sourceTree = "<group>"; };
		B22F19331A970EAB0078FCD5 /* DetailViewController.m */ = {isa = PBXFileReference; fileEncoding = 4; lastKnownFileType = sourcecode.c.objc; path = DetailViewController.m; sourceTree = "<group>"; };
		B22F19351A971D9A0078FCD5 /* ZoomingIconTransition.h */ = {isa = PBXFileReference; fileEncoding = 4; lastKnownFileType = sourcecode.c.h; path = ZoomingIconTransition.h; sourceTree = "<group>"; };
		B22F19361A971D9A0078FCD5 /* ZoomingIconTransition.m */ = {isa = PBXFileReference; fileEncoding = 4; lastKnownFileType = sourcecode.c.objc; path = ZoomingIconTransition.m; sourceTree = "<group>"; };
		B2C510241A96909D00239B14 /* ZoomingIcons.app */ = {isa = PBXFileReference; explicitFileType = wrapper.application; includeInIndex = 0; path = ZoomingIcons.app; sourceTree = BUILT_PRODUCTS_DIR; };
		B2C510281A96909D00239B14 /* Info.plist */ = {isa = PBXFileReference; lastKnownFileType = text.plist.xml; path = Info.plist; sourceTree = "<group>"; };
		B2C510291A96909D00239B14 /* main.m */ = {isa = PBXFileReference; lastKnownFileType = sourcecode.c.objc; path = main.m; sourceTree = "<group>"; };
		B2C5102B1A96909D00239B14 /* AppDelegate.h */ = {isa = PBXFileReference; lastKnownFileType = sourcecode.c.h; path = AppDelegate.h; sourceTree = "<group>"; };
		B2C5102C1A96909D00239B14 /* AppDelegate.m */ = {isa = PBXFileReference; lastKnownFileType = sourcecode.c.objc; path = AppDelegate.m; sourceTree = "<group>"; };
		B2C510321A96909D00239B14 /* Base */ = {isa = PBXFileReference; lastKnownFileType = file.storyboard; name = Base; path = Base.lproj/Main.storyboard; sourceTree = "<group>"; };
		B2C510341A96909D00239B14 /* Images.xcassets */ = {isa = PBXFileReference; lastKnownFileType = folder.assetcatalog; path = Images.xcassets; sourceTree = "<group>"; };
		B2C510371A96909D00239B14 /* Base */ = {isa = PBXFileReference; lastKnownFileType = file.xib; name = Base; path = Base.lproj/LaunchScreen.xib; sourceTree = "<group>"; };
		B2C5103D1A96909D00239B14 /* ZoomingIconsTests.xctest */ = {isa = PBXFileReference; explicitFileType = wrapper.cfbundle; includeInIndex = 0; path = ZoomingIconsTests.xctest; sourceTree = BUILT_PRODUCTS_DIR; };
		B2C510421A96909D00239B14 /* Info.plist */ = {isa = PBXFileReference; lastKnownFileType = text.plist.xml; path = Info.plist; sourceTree = "<group>"; };
		B2C510431A96909D00239B14 /* ZoomingIconsTests.m */ = {isa = PBXFileReference; lastKnownFileType = sourcecode.c.objc; path = ZoomingIconsTests.m; sourceTree = "<group>"; };
/* End PBXFileReference section */

/* Begin PBXFrameworksBuildPhase section */
		B2C510211A96909D00239B14 /* Frameworks */ = {
			isa = PBXFrameworksBuildPhase;
			buildActionMask = 2147483647;
			files = (
			);
			runOnlyForDeploymentPostprocessing = 0;
		};
		B2C5103A1A96909D00239B14 /* Frameworks */ = {
			isa = PBXFrameworksBuildPhase;
			buildActionMask = 2147483647;
			files = (
			);
			runOnlyForDeploymentPostprocessing = 0;
		};
/* End PBXFrameworksBuildPhase section */

/* Begin PBXGroup section */
		B22F19311A96C6140078FCD5 /* Data Model */ = {
			isa = PBXGroup;
			children = (
				B22F192E1A96C60B0078FCD5 /* SocialItem.h */,
				B22F192F1A96C60B0078FCD5 /* SocialItem.m */,
			);
			name = "Data Model";
			sourceTree = "<group>";
		};
		B2C5101B1A96909D00239B14 = {
			isa = PBXGroup;
			children = (
				B2C510261A96909D00239B14 /* ZoomingIcons */,
				B2C510401A96909D00239B14 /* ZoomingIconsTests */,
				B2C510251A96909D00239B14 /* Products */,
			);
			sourceTree = "<group>";
		};
		B2C510251A96909D00239B14 /* Products */ = {
			isa = PBXGroup;
			children = (
				B2C510241A96909D00239B14 /* ZoomingIcons.app */,
				B2C5103D1A96909D00239B14 /* ZoomingIconsTests.xctest */,
			);
			name = Products;
			sourceTree = "<group>";
		};
		B2C510261A96909D00239B14 /* ZoomingIcons */ = {
			isa = PBXGroup;
			children = (
				B22F19241A9693D60078FCD5 /* MenuViewController.h */,
				B22F19251A9693D60078FCD5 /* MenuViewController.m */,
				B22F19271A96A9E00078FCD5 /* SocialItemCell.h */,
				B22F19281A96A9E00078FCD5 /* SocialItemCell.m */,
				B22F19351A971D9A0078FCD5 /* ZoomingIconTransition.h */,
				B22F19361A971D9A0078FCD5 /* ZoomingIconTransition.m */,
				B22F19321A970EAB0078FCD5 /* DetailViewController.h */,
				B22F19331A970EAB0078FCD5 /* DetailViewController.m */,
				B2C510311A96909D00239B14 /* Main.storyboard */,
				B22F19311A96C6140078FCD5 /* Data Model */,
				B2C510271A96909D00239B14 /* Supporting Files */,
			);
			path = ZoomingIcons;
			sourceTree = "<group>";
		};
		B2C510271A96909D00239B14 /* Supporting Files */ = {
			isa = PBXGroup;
			children = (
				B22F192B1A96ADED0078FCD5 /* Zooming-Icons.xcassets */,
				B2C510341A96909D00239B14 /* Images.xcassets */,
				B2C5102B1A96909D00239B14 /* AppDelegate.h */,
				B2C5102C1A96909D00239B14 /* AppDelegate.m */,
				B2C510361A96909D00239B14 /* LaunchScreen.xib */,
				B2C510281A96909D00239B14 /* Info.plist */,
				B2C510291A96909D00239B14 /* main.m */,
			);
			name = "Supporting Files";
			sourceTree = "<group>";
		};
		B2C510401A96909D00239B14 /* ZoomingIconsTests */ = {
			isa = PBXGroup;
			children = (
				B2C510431A96909D00239B14 /* ZoomingIconsTests.m */,
				B2C510411A96909D00239B14 /* Supporting Files */,
			);
			path = ZoomingIconsTests;
			sourceTree = "<group>";
		};
		B2C510411A96909D00239B14 /* Supporting Files */ = {
			isa = PBXGroup;
			children = (
				B2C510421A96909D00239B14 /* Info.plist */,
			);
			name = "Supporting Files";
			sourceTree = "<group>";
		};
/* End PBXGroup section */

/* Begin PBXNativeTarget section */
		B2C510231A96909D00239B14 /* ZoomingIcons */ = {
			isa = PBXNativeTarget;
			buildConfigurationList = B2C510471A96909D00239B14 /* Build configuration list for PBXNativeTarget "ZoomingIcons" */;
			buildPhases = (
				B2C510201A96909D00239B14 /* Sources */,
				B2C510211A96909D00239B14 /* Frameworks */,
				B2C510221A96909D00239B14 /* Resources */,
			);
			buildRules = (
			);
			dependencies = (
			);
			name = ZoomingIcons;
			productName = ZoomingIcons;
			productReference = B2C510241A96909D00239B14 /* ZoomingIcons.app */;
			productType = "com.apple.product-type.application";
		};
		B2C5103C1A96909D00239B14 /* ZoomingIconsTests */ = {
			isa = PBXNativeTarget;
			buildConfigurationList = B2C5104A1A96909D00239B14 /* Build configuration list for PBXNativeTarget "ZoomingIconsTests" */;
			buildPhases = (
				B2C510391A96909D00239B14 /* Sources */,
				B2C5103A1A96909D00239B14 /* Frameworks */,
				B2C5103B1A96909D00239B14 /* Resources */,
			);
			buildRules = (
			);
			dependencies = (
				B2C5103F1A96909D00239B14 /* PBXTargetDependency */,
			);
			name = ZoomingIconsTests;
			productName = ZoomingIconsTests;
			productReference = B2C5103D1A96909D00239B14 /* ZoomingIconsTests.xctest */;
			productType = "com.apple.product-type.bundle.unit-test";
		};
/* End PBXNativeTarget section */

/* Begin PBXProject section */
		B2C5101C1A96909D00239B14 /* Project object */ = {
			isa = PBXProject;
			attributes = {
				LastUpgradeCheck = 0610;
				ORGANIZATIONNAME = "Empath Solutions";
				TargetAttributes = {
					B2C510231A96909D00239B14 = {
						CreatedOnToolsVersion = 6.1.1;
					};
					B2C5103C1A96909D00239B14 = {
						CreatedOnToolsVersion = 6.1.1;
						TestTargetID = B2C510231A96909D00239B14;
					};
				};
			};
			buildConfigurationList = B2C5101F1A96909D00239B14 /* Build configuration list for PBXProject "ZoomingIcons" */;
			compatibilityVersion = "Xcode 3.2";
			developmentRegion = English;
			hasScannedForEncodings = 0;
			knownRegions = (
				en,
				Base,
			);
			mainGroup = B2C5101B1A96909D00239B14;
			productRefGroup = B2C510251A96909D00239B14 /* Products */;
			projectDirPath = "";
			projectRoot = "";
			targets = (
				B2C510231A96909D00239B14 /* ZoomingIcons */,
				B2C5103C1A96909D00239B14 /* ZoomingIconsTests */,
			);
		};
/* End PBXProject section */

/* Begin PBXResourcesBuildPhase section */
		B2C510221A96909D00239B14 /* Resources */ = {
			isa = PBXResourcesBuildPhase;
			buildActionMask = 2147483647;
			files = (
				B2C510331A96909D00239B14 /* Main.storyboard in Resources */,
				B22F192D1A96ADED0078FCD5 /* Zooming-Icons.xcassets in Resources */,
				B2C510381A96909D00239B14 /* LaunchScreen.xib in Resources */,
				B2C510351A96909D00239B14 /* Images.xcassets in Resources */,
			);
			runOnlyForDeploymentPostprocessing = 0;
		};
		B2C5103B1A96909D00239B14 /* Resources */ = {
			isa = PBXResourcesBuildPhase;
			buildActionMask = 2147483647;
			files = (
			);
			runOnlyForDeploymentPostprocessing = 0;
		};
/* End PBXResourcesBuildPhase section */

/* Begin PBXSourcesBuildPhase section */
		B2C510201A96909D00239B14 /* Sources */ = {
			isa = PBXSourcesBuildPhase;
			buildActionMask = 2147483647;
			files = (
				B2C5102D1A96909D00239B14 /* AppDelegate.m in Sources */,
				B22F19301A96C60B0078FCD5 /* SocialItem.m in Sources */,
				B22F19291A96A9E00078FCD5 /* SocialItemCell.m in Sources */,
				B2C5102A1A96909D00239B14 /* main.m in Sources */,
				B22F19261A9693D60078FCD5 /* MenuViewController.m in Sources */,
				B22F19371A971D9A0078FCD5 /* ZoomingIconTransition.m in Sources */,
				B22F19341A970EAB0078FCD5 /* DetailViewController.m in Sources */,
			);
			runOnlyForDeploymentPostprocessing = 0;
		};
		B2C510391A96909D00239B14 /* Sources */ = {
			isa = PBXSourcesBuildPhase;
			buildActionMask = 2147483647;
			files = (
				B2C510441A96909D00239B14 /* ZoomingIconsTests.m in Sources */,
			);
			runOnlyForDeploymentPostprocessing = 0;
		};
/* End PBXSourcesBuildPhase section */

/* Begin PBXTargetDependency section */
		B2C5103F1A96909D00239B14 /* PBXTargetDependency */ = {
			isa = PBXTargetDependency;
			target = B2C510231A96909D00239B14 /* ZoomingIcons */;
			targetProxy = B2C5103E1A96909D00239B14 /* PBXContainerItemProxy */;
		};
/* End PBXTargetDependency section */

/* Begin PBXVariantGroup section */
		B2C510311A96909D00239B14 /* Main.storyboard */ = {
			isa = PBXVariantGroup;
			children = (
				B2C510321A96909D00239B14 /* Base */,
			);
			name = Main.storyboard;
			sourceTree = "<group>";
		};
		B2C510361A96909D00239B14 /* LaunchScreen.xib */ = {
			isa = PBXVariantGroup;
			children = (
				B2C510371A96909D00239B14 /* Base */,
			);
			name = LaunchScreen.xib;
			sourceTree = "<group>";
		};
/* End PBXVariantGroup section */

/* Begin XCBuildConfiguration section */
		B2C510451A96909D00239B14 /* Debug */ = {
			isa = XCBuildConfiguration;
			buildSettings = {
				ALWAYS_SEARCH_USER_PATHS = NO;
				CLANG_CXX_LANGUAGE_STANDARD = "gnu++0x";
				CLANG_CXX_LIBRARY = "libc++";
				CLANG_ENABLE_MODULES = YES;
				CLANG_ENABLE_OBJC_ARC = YES;
				CLANG_WARN_BOOL_CONVERSION = YES;
				CLANG_WARN_CONSTANT_CONVERSION = YES;
				CLANG_WARN_DIRECT_OBJC_ISA_USAGE = YES_ERROR;
				CLANG_WARN_EMPTY_BODY = YES;
				CLANG_WARN_ENUM_CONVERSION = YES;
				CLANG_WARN_INT_CONVERSION = YES;
				CLANG_WARN_OBJC_ROOT_CLASS = YES_ERROR;
				CLANG_WARN_UNREACHABLE_CODE = YES;
				CLANG_WARN__DUPLICATE_METHOD_MATCH = YES;
				"CODE_SIGN_IDENTITY[sdk=iphoneos*]" = "iPhone Developer";
				COPY_PHASE_STRIP = NO;
				ENABLE_STRICT_OBJC_MSGSEND = YES;
				GCC_C_LANGUAGE_STANDARD = gnu99;
				GCC_DYNAMIC_NO_PIC = NO;
				GCC_OPTIMIZATION_LEVEL = 0;
				GCC_PREPROCESSOR_DEFINITIONS = (
					"DEBUG=1",
					"$(inherited)",
				);
				GCC_SYMBOLS_PRIVATE_EXTERN = NO;
				GCC_WARN_64_TO_32_BIT_CONVERSION = YES;
				GCC_WARN_ABOUT_RETURN_TYPE = YES_ERROR;
				GCC_WARN_UNDECLARED_SELECTOR = YES;
				GCC_WARN_UNINITIALIZED_AUTOS = YES_AGGRESSIVE;
				GCC_WARN_UNUSED_FUNCTION = YES;
				GCC_WARN_UNUSED_VARIABLE = YES;
				IPHONEOS_DEPLOYMENT_TARGET = 8.1;
				MTL_ENABLE_DEBUG_INFO = YES;
				ONLY_ACTIVE_ARCH = YES;
				SDKROOT = iphoneos;
				TARGETED_DEVICE_FAMILY = "1,2";
			};
			name = Debug;
		};
		B2C510461A96909D00239B14 /* Release */ = {
			isa = XCBuildConfiguration;
			buildSettings = {
				ALWAYS_SEARCH_USER_PATHS = NO;
				CLANG_CXX_LANGUAGE_STANDARD = "gnu++0x";
				CLANG_CXX_LIBRARY = "libc++";
				CLANG_ENABLE_MODULES = YES;
				CLANG_ENABLE_OBJC_ARC = YES;
				CLANG_WARN_BOOL_CONVERSION = YES;
				CLANG_WARN_CONSTANT_CONVERSION = YES;
				CLANG_WARN_DIRECT_OBJC_ISA_USAGE = YES_ERROR;
				CLANG_WARN_EMPTY_BODY = YES;
				CLANG_WARN_ENUM_CONVERSION = YES;
				CLANG_WARN_INT_CONVERSION = YES;
				CLANG_WARN_OBJC_ROOT_CLASS = YES_ERROR;
				CLANG_WARN_UNREACHABLE_CODE = YES;
				CLANG_WARN__DUPLICATE_METHOD_MATCH = YES;
				"CODE_SIGN_IDENTITY[sdk=iphoneos*]" = "iPhone Developer";
				COPY_PHASE_STRIP = YES;
				ENABLE_NS_ASSERTIONS = NO;
				ENABLE_STRICT_OBJC_MSGSEND = YES;
				GCC_C_LANGUAGE_STANDARD = gnu99;
				GCC_WARN_64_TO_32_BIT_CONVERSION = YES;
				GCC_WARN_ABOUT_RETURN_TYPE = YES_ERROR;
				GCC_WARN_UNDECLARED_SELECTOR = YES;
				GCC_WARN_UNINITIALIZED_AUTOS = YES_AGGRESSIVE;
				GCC_WARN_UNUSED_FUNCTION = YES;
				GCC_WARN_UNUSED_VARIABLE = YES;
				IPHONEOS_DEPLOYMENT_TARGET = 8.1;
				MTL_ENABLE_DEBUG_INFO = NO;
				SDKROOT = iphoneos;
				TARGETED_DEVICE_FAMILY = "1,2";
				VALIDATE_PRODUCT = YES;
			};
			name = Release;
		};
		B2C510481A96909D00239B14 /* Debug */ = {
			isa = XCBuildConfiguration;
			buildSettings = {
				ASSETCATALOG_COMPILER_APPICON_NAME = AppIcon;
				INFOPLIST_FILE = ZoomingIcons/Info.plist;
				LD_RUNPATH_SEARCH_PATHS = "$(inherited) @executable_path/Frameworks";
				PRODUCT_NAME = "$(TARGET_NAME)";
			};
			name = Debug;
		};
		B2C510491A96909D00239B14 /* Release */ = {
			isa = XCBuildConfiguration;
			buildSettings = {
				ASSETCATALOG_COMPILER_APPICON_NAME = AppIcon;
				INFOPLIST_FILE = ZoomingIcons/Info.plist;
				LD_RUNPATH_SEARCH_PATHS = "$(inherited) @executable_path/Frameworks";
				PRODUCT_NAME = "$(TARGET_NAME)";
			};
			name = Release;
		};
		B2C5104B1A96909D00239B14 /* Debug */ = {
			isa = XCBuildConfiguration;
			buildSettings = {
				BUNDLE_LOADER = "$(TEST_HOST)";
				FRAMEWORK_SEARCH_PATHS = (
					"$(SDKROOT)/Developer/Library/Frameworks",
					"$(inherited)",
				);
				GCC_PREPROCESSOR_DEFINITIONS = (
					"DEBUG=1",
					"$(inherited)",
				);
				INFOPLIST_FILE = ZoomingIconsTests/Info.plist;
				LD_RUNPATH_SEARCH_PATHS = "$(inherited) @executable_path/Frameworks @loader_path/Frameworks";
				PRODUCT_NAME = "$(TARGET_NAME)";
				TEST_HOST = "$(BUILT_PRODUCTS_DIR)/ZoomingIcons.app/ZoomingIcons";
			};
			name = Debug;
		};
		B2C5104C1A96909D00239B14 /* Release */ = {
			isa = XCBuildConfiguration;
			buildSettings = {
				BUNDLE_LOADER = "$(TEST_HOST)";
				FRAMEWORK_SEARCH_PATHS = (
					"$(SDKROOT)/Developer/Library/Frameworks",
					"$(inherited)",
				);
				INFOPLIST_FILE = ZoomingIconsTests/Info.plist;
				LD_RUNPATH_SEARCH_PATHS = "$(inherited) @executable_path/Frameworks @loader_path/Frameworks";
				PRODUCT_NAME = "$(TARGET_NAME)";
				TEST_HOST = "$(BUILT_PRODUCTS_DIR)/ZoomingIcons.app/ZoomingIcons";
			};
			name = Release;
		};
/* End XCBuildConfiguration section */

/* Begin XCConfigurationList section */
		B2C5101F1A96909D00239B14 /* Build configuration list for PBXProject "ZoomingIcons" */ = {
			isa = XCConfigurationList;
			buildConfigurations = (
				B2C510451A96909D00239B14 /* Debug */,
				B2C510461A96909D00239B14 /* Release */,
			);
			defaultConfigurationIsVisible = 0;
			defaultConfigurationName = Release;
		};
		B2C510471A96909D00239B14 /* Build configuration list for PBXNativeTarget "ZoomingIcons" */ = {
			isa = XCConfigurationList;
			buildConfigurations = (
				B2C510481A96909D00239B14 /* Debug */,
				B2C510491A96909D00239B14 /* Release */,
			);
			defaultConfigurationIsVisible = 0;
			defaultConfigurationName = Release;
		};
		B2C5104A1A96909D00239B14 /* Build configuration list for PBXNativeTarget "ZoomingIconsTests" */ = {
			isa = XCConfigurationList;
			buildConfigurations = (
				B2C5104B1A96909D00239B14 /* Debug */,
				B2C5104C1A96909D00239B14 /* Release */,
			);
			defaultConfigurationIsVisible = 0;
			defaultConfigurationName = Release;
		};
/* End XCConfigurationList section */
	};
	rootObject = B2C5101C1A96909D00239B14 /* Project object */;
}
